
Microsoft Visual Studio Solution File, Format Version 12.00
# Visual Studio Version 17
VisualStudioVersion = 17.3.32811.315
MinimumVisualStudioVersion = 10.0.40219.1
Project("{FAE04EC0-301F-11D3-BF4B-00C04F79EFBC}") = "Autenticacion", "Autenticacion.csproj", "{83DB327B-6D7E-4379-A965-0548C2E5566C}"
EndProject
Global
	GlobalSection(SolutionConfigurationPlatforms) = preSolution
		Debug|Any CPU = Debug|Any CPU
		Release|Any CPU = Release|Any CPU
	EndGlobalSection
	GlobalSection(ProjectConfigurationPlatforms) = postSolution
		{83DB327B-6D7E-4379-A965-0548C2E5566C}.Debug|Any CPU.ActiveCfg = Debug|Any CPU
		{83DB327B-6D7E-4379-A965-0548C2E5566C}.Debug|Any CPU.Build.0 = Debug|Any CPU
		{83DB327B-6D7E-4379-A965-0548C2E5566C}.Release|Any CPU.ActiveCfg = Release|Any CPU
		{83DB327B-6D7E-4379-A965-0548C2E5566C}.Release|Any CPU.Build.0 = Release|Any CPU
	EndGlobalSection
	GlobalSection(SolutionProperties) = preSolution
		HideSolutionNode = FALSE
	EndGlobalSection
	GlobalSection(ExtensibilityGlobals) = postSolution
		SolutionGuid = {3BC598AC-2C38-4D48-BEDE-6EE92A6B6209}
	EndGlobalSection
EndGlobal
